# THIS IS AN AUTOGENERATED FILE. DO NOT EDIT THIS FILE DIRECTLY.
# yarn lockfile v1


chroma-js@^1.3.5:
  version "1.3.5"
  resolved "https://registry.yarnpkg.com/chroma-js/-/chroma-js-1.3.5.tgz#bdab4a55b688bd79ce71a2901a3e1f897d7a2b7c"

p2@^0.7.1:
  version "0.7.1"
  resolved "https://registry.yarnpkg.com/p2/-/p2-0.7.1.tgz#25f2474d9bc3a6d3140a1da26a67c9e118ac9543"
  dependencies:
    poly-decomp "0.1.1"

poly-decomp@0.1.1:
  version "0.1.1"
  resolved "https://registry.yarnpkg.com/poly-decomp/-/poly-decomp-0.1.1.tgz#9f68c4fa558663791c9ba4c2df7283f3096c23c9"
